
Microsoft Visual Studio Solution File, Format Version 12.00
# Visual Studio Version 17
VisualStudioVersion = 17.3.32811.315
MinimumVisualStudioVersion = 10.0.40219.1
Project("{9A19103F-16F7-4668-BE54-9A1E7A4F7556}") = "RaywattApp", "RaywattApp\RaywattApp.csproj", "{84D4959B-ED67-4ECB-B7D4-6F166A0BA81E}"
	ProjectSection(ProjectDependencies) = postProject
		{2418544F-9F02-478B-BFDC-C01788E11140} = {2418544F-9F02-478B-BFDC-C01788E11140}
	EndProjectSection
EndProject
Project("{9A19103F-16F7-4668-BE54-9A1E7A4F7556}") = "RayCoreWrapper", "..\RayCoreWrapper\RayCoreWrapper\RayCoreWrapper.csproj", "{2418544F-9F02-478B-BFDC-C01788E11140}"
EndProject
Global
	GlobalSection(SolutionConfigurationPlatforms) = preSolution
		Debug|Any CPU = Debug|Any CPU
		Release|Any CPU = Release|Any CPU
	EndGlobalSection
	GlobalSection(ProjectConfigurationPlatforms) = postSolution
		{84D4959B-ED67-4ECB-B7D4-6F166A0BA81E}.Debug|Any CPU.ActiveCfg = Debug|Any CPU
		{84D4959B-ED67-4ECB-B7D4-6F166A0BA81E}.Debug|Any CPU.Build.0 = Debug|Any CPU
		{84D4959B-ED67-4ECB-B7D4-6F166A0BA81E}.Release|Any CPU.ActiveCfg = Release|Any CPU
		{84D4959B-ED67-4ECB-B7D4-6F166A0BA81E}.Release|Any CPU.Build.0 = Release|Any CPU
		{2418544F-9F02-478B-BFDC-C01788E11140}.Debug|Any CPU.ActiveCfg = Debug|Any CPU
		{2418544F-9F02-478B-BFDC-C01788E11140}.Release|Any CPU.ActiveCfg = Release|Any CPU
		{2418544F-9F02-478B-BFDC-C01788E11140}.Release|Any CPU.Build.0 = Release|Any CPU
	EndGlobalSection
	GlobalSection(SolutionProperties) = preSolution
		HideSolutionNode = FALSE
	EndGlobalSection
	GlobalSection(ExtensibilityGlobals) = postSolution
		SolutionGuid = {E3E47709-D144-4108-B645-332E7C14D5A5}
	EndGlobalSection
EndGlobal
