
Microsoft Visual Studio Solution File, Format Version 12.00
# Visual Studio Version 17
VisualStudioVersion = 17.3.32929.385
MinimumVisualStudioVersion = 10.0.40219.1
Project("{FAE04EC0-301F-11D3-BF4B-00C04F79EFBC}") = "RayCoreWrapper", "RayCoreWrapper\RayCoreWrapper.csproj", "{69A124BE-AE21-4605-8FCA-C24C5C845F42}"
EndProject
Global
	GlobalSection(SolutionConfigurationPlatforms) = preSolution
		Debug|Any CPU = Debug|Any CPU
		Release|Any CPU = Release|Any CPU
	EndGlobalSection
	GlobalSection(ProjectConfigurationPlatforms) = postSolution
		{69A124BE-AE21-4605-8FCA-C24C5C845F42}.Debug|Any CPU.ActiveCfg = Debug|Any CPU
		{69A124BE-AE21-4605-8FCA-C24C5C845F42}.Debug|Any CPU.Build.0 = Debug|Any CPU
		{69A124BE-AE21-4605-8FCA-C24C5C845F42}.Release|Any CPU.ActiveCfg = Release|Any CPU
		{69A124BE-AE21-4605-8FCA-C24C5C845F42}.Release|Any CPU.Build.0 = Release|Any CPU
	EndGlobalSection
	GlobalSection(SolutionProperties) = preSolution
		HideSolutionNode = FALSE
	EndGlobalSection
	GlobalSection(ExtensibilityGlobals) = postSolution
		SolutionGuid = {9BCFC636-E25C-4DDE-8E51-9B825B774479}
	EndGlobalSection
EndGlobal
