
Microsoft Visual Studio Solution File, Format Version 12.00
# Visual Studio Version 16
VisualStudioVersion = 16.0.31410.357
MinimumVisualStudioVersion = 10.0.40219.1
Project("{FAE04EC0-301F-11D3-BF4B-00C04F79EFBC}") = "RaywattOCT", "RaywattOCT.csproj", "{A032BFDB-87AE-47A9-9589-6A25E3F89E88}"
EndProject
Global
	GlobalSection(SolutionConfigurationPlatforms) = preSolution
		Debug|Any CPU = Debug|Any CPU
		Release|Any CPU = Release|Any CPU
	EndGlobalSection
	GlobalSection(ProjectConfigurationPlatforms) = postSolution
		{A032BFDB-87AE-47A9-9589-6A25E3F89E88}.Debug|Any CPU.ActiveCfg = Debug|Any CPU
		{A032BFDB-87AE-47A9-9589-6A25E3F89E88}.Debug|Any CPU.Build.0 = Debug|Any CPU
		{A032BFDB-87AE-47A9-9589-6A25E3F89E88}.Release|Any CPU.ActiveCfg = Release|Any CPU
		{A032BFDB-87AE-47A9-9589-6A25E3F89E88}.Release|Any CPU.Build.0 = Release|Any CPU
	EndGlobalSection
	GlobalSection(SolutionProperties) = preSolution
		HideSolutionNode = FALSE
	EndGlobalSection
	GlobalSection(ExtensibilityGlobals) = postSolution
		SolutionGuid = {66E0C52D-5B6E-47DB-A93F-EED659B7BF54}
	EndGlobalSection
EndGlobal
