<?xml version="1.0" encoding="utf-8"?>
<Project ToolsVersion="4.0" xmlns="http://schemas.microsoft.com/developer/msbuild/2003">
  <ItemGroup>
    <Filter Include="소스 파일">
      <UniqueIdentifier>{4FC737F1-C7A5-4376-A066-2A32D752A2FF}</UniqueIdentifier>
      <Extensions>cpp;c;cc;cxx;c++;cppm;ixx;def;odl;idl;hpj;bat;asm;asmx</Extensions>
    </Filter>
    <Filter Include="헤더 파일">
      <UniqueIdentifier>{93995380-89BD-4b04-88EB-625FBE52EBFB}</UniqueIdentifier>
      <Extensions>h;hh;hpp;hxx;h++;hm;inl;inc;ipp;xsd</Extensions>
    </Filter>
    <Filter Include="리소스 파일">
      <UniqueIdentifier>{67DA6AB6-F800-4c08-8B7A-83BB121AAD01}</UniqueIdentifier>
      <Extensions>rc;ico;cur;bmp;dlg;rc2;rct;bin;rgs;gif;jpg;jpeg;jpe;resx;tiff;tif;png;wav;mfcribbon-ms</Extensions>
    </Filter>
    <Filter Include="Utility">
      <UniqueIdentifier>{46ddccb9-29c1-4295-8270-0d1882a45e72}</UniqueIdentifier>
    </Filter>
  </ItemGroup>
  <ItemGroup>
    <ClInclude Include="LaserController.h">
      <Filter>헤더 파일</Filter>
    </ClInclude>
    <ClInclude Include="MotorController.h">
      <Filter>헤더 파일</Filter>
    </ClInclude>
    <ClInclude Include="SerialPort.h">
      <Filter>헤더 파일</Filter>
    </ClInclude>
    <ClInclude Include="..\Utility\Config.h">
      <Filter>Utility</Filter>
    </ClInclude>
    <ClInclude Include="..\Utility\MessageService.h">
      <Filter>Utility</Filter>
    </ClInclude>
    <ClInclude Include="..\Utility\Utility.h">
      <Filter>Utility</Filter>
    </ClInclude>
    <ClInclude Include="LaserModule.h">
      <Filter>헤더 파일</Filter>
    </ClInclude>
    <ClInclude Include="USBConnection.h">
      <Filter>헤더 파일</Filter>
    </ClInclude>
    <ClInclude Include="Connection.h">
      <Filter>헤더 파일</Filter>
    </ClInclude>
    <ClInclude Include="COMConnection.h">
      <Filter>헤더 파일</Filter>
    </ClInclude>
    <ClInclude Include="RJController.h">
      <Filter>헤더 파일</Filter>
    </ClInclude>
    <ClInclude Include="CommonProtocol.h">
      <Filter>헤더 파일</Filter>
    </ClInclude>
    <ClInclude Include="RFIDProtocol.h">
      <Filter>헤더 파일</Filter>
    </ClInclude>
    <ClInclude Include="RFIDKeyController.h">
      <Filter>헤더 파일</Filter>
    </ClInclude>
  </ItemGroup>
  <ItemGroup>
    <ClCompile Include="LaserController.cpp">
      <Filter>소스 파일</Filter>
    </ClCompile>
    <ClCompile Include="MotorController.cpp">
      <Filter>소스 파일</Filter>
    </ClCompile>
    <ClCompile Include="SerialPort.cpp">
      <Filter>소스 파일</Filter>
    </ClCompile>
    <ClCompile Include="..\Utility\MessageService.cpp">
      <Filter>Utility</Filter>
    </ClCompile>
    <ClCompile Include="..\Utility\Utility.cpp">
      <Filter>Utility</Filter>
    </ClCompile>
    <ClCompile Include="LaserModule.cpp">
      <Filter>소스 파일</Filter>
    </ClCompile>
    <ClCompile Include="USBConnection.cpp">
      <Filter>소스 파일</Filter>
    </ClCompile>
    <ClCompile Include="COMConnection.cpp">
      <Filter>소스 파일</Filter>
    </ClCompile>
    <ClCompile Include="RJController.cpp">
      <Filter>소스 파일</Filter>
    </ClCompile>
    <ClCompile Include="CommonProtocol.cpp">
      <Filter>소스 파일</Filter>
    </ClCompile>
    <ClCompile Include="RFIDProtocol.cpp">
      <Filter>소스 파일</Filter>
    </ClCompile>
    <ClCompile Include="RFIDKeyController.cpp">
      <Filter>소스 파일</Filter>
    </ClCompile>
  </ItemGroup>
  <ItemGroup>
    <None Include="packages.config" />
  </ItemGroup>
</Project>