<?xml version="1.0" encoding="utf-8"?>
<Project ToolsVersion="4.0" xmlns="http://schemas.microsoft.com/developer/msbuild/2003">
  <ItemGroup>
    <Filter Include="Source Files">
      <UniqueIdentifier>{6e623b20-abbe-4c4d-927c-a6c8dd380b48}</UniqueIdentifier>
      <Extensions>cpp;c;cxx;rc;def;r;odl;idl;hpj;bat</Extensions>
    </Filter>
    <Filter Include="Header Files">
      <UniqueIdentifier>{7089e70a-2303-4ee8-8dbe-4ae7b6fed8ce}</UniqueIdentifier>
      <Extensions>h;hpp;hxx;hm;inl</Extensions>
    </Filter>
    <Filter Include="Resource Files">
      <UniqueIdentifier>{ab1dbea8-29e3-473a-81b5-ddc44a15877d}</UniqueIdentifier>
      <Extensions>ico;cur;bmp;dlg;rc2;rct;bin;rgs;gif;jpg;jpeg;jpe</Extensions>
    </Filter>
  </ItemGroup>
  <ItemGroup>
    <ClCompile Include="DlgIColorFilter.cpp">
      <Filter>Source Files</Filter>
    </ClCompile>
    <ClCompile Include="IdeaVA.cpp">
      <Filter>Source Files</Filter>
    </ClCompile>
    <ClCompile Include="StdAfx.cpp">
      <Filter>Source Files</Filter>
    </ClCompile>
    <ClCompile Include="VideoAdjust.cpp">
      <Filter>Source Files</Filter>
    </ClCompile>
    <ClCompile Include="WBalThread.cpp">
      <Filter>Source Files</Filter>
    </ClCompile>
    <ClCompile Include="WhiteBalance.cpp">
      <Filter>Source Files</Filter>
    </ClCompile>
  </ItemGroup>
  <ItemGroup>
    <None Include="IdeaVA.def">
      <Filter>Source Files</Filter>
    </None>
    <None Include="res\IdeaVA.rc2">
      <Filter>Resource Files</Filter>
    </None>
  </ItemGroup>
  <ItemGroup>
    <ResourceCompile Include="IdeaVA.rc">
      <Filter>Source Files</Filter>
    </ResourceCompile>
  </ItemGroup>
  <ItemGroup>
    <ClInclude Include="DlgIColorFilter.h">
      <Filter>Header Files</Filter>
    </ClInclude>
    <ClInclude Include="IdeaVA.h">
      <Filter>Header Files</Filter>
    </ClInclude>
    <ClInclude Include="Resource.h">
      <Filter>Header Files</Filter>
    </ClInclude>
    <ClInclude Include="StdAfx.h">
      <Filter>Header Files</Filter>
    </ClInclude>
    <ClInclude Include="VAInfo.h">
      <Filter>Header Files</Filter>
    </ClInclude>
    <ClInclude Include="VideoAdjust.h">
      <Filter>Header Files</Filter>
    </ClInclude>
    <ClInclude Include="WBalThread.h">
      <Filter>Header Files</Filter>
    </ClInclude>
    <ClInclude Include="WhiteBalance.h">
      <Filter>Header Files</Filter>
    </ClInclude>
  </ItemGroup>
  <ItemGroup>
    <Text Include="ReadMe.txt" />
  </ItemGroup>
</Project>