
Microsoft Visual Studio Solution File, Format Version 12.00
# Visual Studio Version 17
VisualStudioVersion = 17.3.32811.315
MinimumVisualStudioVersion = 10.0.40219.1
Project("{9A19103F-16F7-4668-BE54-9A1E7A4F7556}") = "RaywattOCTFFR", "RaywattOCTFFR\RaywattOCTFFR.csproj", "{84D4959B-ED67-4ECB-B7D4-6F166A0BA81E}"
	ProjectSection(ProjectDependencies) = postProject
		{03CC7335-7D73-789C-C77A-010B9F0568B3} = {03CC7335-7D73-789C-C77A-010B9F0568B3}
	EndProjectSection
EndProject
Project("{FAE04EC0-301F-11D3-BF4B-00C04F79EFBC}") = "RayCoreFFRWrapper", "..\RayCoreFFRWrapper\RayCoreFFRWrapper\RayCoreFFRWrapper.csproj", "{03CC7335-7D73-789C-C77A-010B9F0568B3}"
EndProject
Global
	GlobalSection(SolutionConfigurationPlatforms) = preSolution
		Debug|Any CPU = Debug|Any CPU
		Release|Any CPU = Release|Any CPU
	EndGlobalSection
	GlobalSection(ProjectConfigurationPlatforms) = postSolution
		{84D4959B-ED67-4ECB-B7D4-6F166A0BA81E}.Debug|Any CPU.ActiveCfg = Debug|Any CPU
		{84D4959B-ED67-4ECB-B7D4-6F166A0BA81E}.Debug|Any CPU.Build.0 = Debug|Any CPU
		{84D4959B-ED67-4ECB-B7D4-6F166A0BA81E}.Release|Any CPU.ActiveCfg = Release|Any CPU
		{84D4959B-ED67-4ECB-B7D4-6F166A0BA81E}.Release|Any CPU.Build.0 = Release|Any CPU
		{03CC7335-7D73-789C-C77A-010B9F0568B3}.Debug|Any CPU.ActiveCfg = Debug|Any CPU
		{03CC7335-7D73-789C-C77A-010B9F0568B3}.Debug|Any CPU.Build.0 = Debug|Any CPU
		{03CC7335-7D73-789C-C77A-010B9F0568B3}.Release|Any CPU.ActiveCfg = Release|Any CPU
		{03CC7335-7D73-789C-C77A-010B9F0568B3}.Release|Any CPU.Build.0 = Release|Any CPU
	EndGlobalSection
	GlobalSection(SolutionProperties) = preSolution
		HideSolutionNode = FALSE
	EndGlobalSection
	GlobalSection(ExtensibilityGlobals) = postSolution
		SolutionGuid = {E3E47709-D144-4108-B645-332E7C14D5A5}
	EndGlobalSection
EndGlobal
